
Microsoft Visual Studio Solution File, Format Version 12.00
# Visual Studio Version 16
VisualStudioVersion = 16.0.29728.190
MinimumVisualStudioVersion = 10.0.40219.1
Project("{FAE04EC0-301F-11D3-BF4B-00C04F79EFBC}") = "Web-TP2", "Web-TP2\Web-TP2.csproj", "{DBCD8D30-E6E4-4D6D-BE4C-7FB2526E2A55}"
EndProject
Global
	GlobalSection(SolutionConfigurationPlatforms) = preSolution
		Debug|Any CPU = Debug|Any CPU
		Release|Any CPU = Release|Any CPU
	EndGlobalSection
	GlobalSection(ProjectConfigurationPlatforms) = postSolution
		{DBCD8D30-E6E4-4D6D-BE4C-7FB2526E2A55}.Debug|Any CPU.ActiveCfg = Debug|Any CPU
		{DBCD8D30-E6E4-4D6D-BE4C-7FB2526E2A55}.Debug|Any CPU.Build.0 = Debug|Any CPU
		{DBCD8D30-E6E4-4D6D-BE4C-7FB2526E2A55}.Release|Any CPU.ActiveCfg = Release|Any CPU
		{DBCD8D30-E6E4-4D6D-BE4C-7FB2526E2A55}.Release|Any CPU.Build.0 = Release|Any CPU
	EndGlobalSection
	GlobalSection(SolutionProperties) = preSolution
		HideSolutionNode = FALSE
	EndGlobalSection
	GlobalSection(ExtensibilityGlobals) = postSolution
		SolutionGuid = {2D53AADF-9B7B-40AF-9F84-035A22AAAD0D}
	EndGlobalSection
EndGlobal
